
Microsoft Visual Studio Solution File, Format Version 12.00
# Visual Studio 14
VisualStudioVersion = 14.0.25420.1
MinimumVisualStudioVersion = 10.0.40219.1
Project("{FAE04EC0-301F-11D3-BF4B-00C04F79EFBC}") = "Forca.Web", "Forca.Web\Forca.Web.csproj", "{0A8578DD-6D62-474D-ABF2-932B038513CB}"
EndProject
Project("{FAE04EC0-301F-11D3-BF4B-00C04F79EFBC}") = "Forca.Repositorio", "Forca.Repositorio\Forca.Repositorio.csproj", "{AF78C5A7-E1C3-4C3B-BCF9-C849B39C2A3B}"
EndProject
Project("{FAE04EC0-301F-11D3-BF4B-00C04F79EFBC}") = "Forca.Dominio", "Forca.Dominio\Forca.Dominio.csproj", "{E98E306E-C62E-41F2-87BF-0667A3A2258A}"
EndProject
Project("{FAE04EC0-301F-11D3-BF4B-00C04F79EFBC}") = "Forca.Testes", "Forca.Testes\Forca.Testes.csproj", "{925C1D20-8AD7-4F07-9691-3BA0DA55D202}"
EndProject
Global
	GlobalSection(SolutionConfigurationPlatforms) = preSolution
		Debug|Any CPU = Debug|Any CPU
		Release|Any CPU = Release|Any CPU
	EndGlobalSection
	GlobalSection(ProjectConfigurationPlatforms) = postSolution
		{0A8578DD-6D62-474D-ABF2-932B038513CB}.Debug|Any CPU.ActiveCfg = Debug|Any CPU
		{0A8578DD-6D62-474D-ABF2-932B038513CB}.Debug|Any CPU.Build.0 = Debug|Any CPU
		{0A8578DD-6D62-474D-ABF2-932B038513CB}.Release|Any CPU.ActiveCfg = Release|Any CPU
		{0A8578DD-6D62-474D-ABF2-932B038513CB}.Release|Any CPU.Build.0 = Release|Any CPU
		{AF78C5A7-E1C3-4C3B-BCF9-C849B39C2A3B}.Debug|Any CPU.ActiveCfg = Debug|Any CPU
		{AF78C5A7-E1C3-4C3B-BCF9-C849B39C2A3B}.Debug|Any CPU.Build.0 = Debug|Any CPU
		{AF78C5A7-E1C3-4C3B-BCF9-C849B39C2A3B}.Release|Any CPU.ActiveCfg = Release|Any CPU
		{AF78C5A7-E1C3-4C3B-BCF9-C849B39C2A3B}.Release|Any CPU.Build.0 = Release|Any CPU
		{E98E306E-C62E-41F2-87BF-0667A3A2258A}.Debug|Any CPU.ActiveCfg = Debug|Any CPU
		{E98E306E-C62E-41F2-87BF-0667A3A2258A}.Debug|Any CPU.Build.0 = Debug|Any CPU
		{E98E306E-C62E-41F2-87BF-0667A3A2258A}.Release|Any CPU.ActiveCfg = Release|Any CPU
		{E98E306E-C62E-41F2-87BF-0667A3A2258A}.Release|Any CPU.Build.0 = Release|Any CPU
		{925C1D20-8AD7-4F07-9691-3BA0DA55D202}.Debug|Any CPU.ActiveCfg = Debug|Any CPU
		{925C1D20-8AD7-4F07-9691-3BA0DA55D202}.Debug|Any CPU.Build.0 = Debug|Any CPU
		{925C1D20-8AD7-4F07-9691-3BA0DA55D202}.Release|Any CPU.ActiveCfg = Release|Any CPU
		{925C1D20-8AD7-4F07-9691-3BA0DA55D202}.Release|Any CPU.Build.0 = Release|Any CPU
	EndGlobalSection
	GlobalSection(SolutionProperties) = preSolution
		HideSolutionNode = FALSE
	EndGlobalSection
EndGlobal
